<?xml version="1.0" encoding="utf-8"?>
<Project ToolsVersion="4.0" xmlns="http://schemas.microsoft.com/developer/msbuild/2003">
  <ItemGroup>
    <Filter Include="ソース ファイル">
      <UniqueIdentifier>{4FC737F1-C7A5-4376-A066-2A32D752A2FF}</UniqueIdentifier>
      <Extensions>cpp;c;cc;cxx;c++;cppm;ixx;def;odl;idl;hpj;bat;asm;asmx</Extensions>
    </Filter>
    <Filter Include="ヘッダー ファイル">
      <UniqueIdentifier>{93995380-89BD-4b04-88EB-625FBE52EBFB}</UniqueIdentifier>
      <Extensions>h;hh;hpp;hxx;h++;hm;inl;inc;ipp;xsd</Extensions>
    </Filter>
    <Filter Include="リソース ファイル">
      <UniqueIdentifier>{67DA6AB6-F800-4c08-8B7A-83BB121AAD01}</UniqueIdentifier>
      <Extensions>rc;ico;cur;bmp;dlg;rc2;rct;bin;rgs;gif;jpg;jpeg;jpe;resx;tiff;tif;png;wav;mfcribbon-ms</Extensions>
    </Filter>
    <Filter Include="ソース ファイル\Lib">
      <UniqueIdentifier>{275eb950-ff6a-4535-ac0c-c052fcd2fa52}</UniqueIdentifier>
    </Filter>
    <Filter Include="ソース ファイル\BaseSystem">
      <UniqueIdentifier>{95860102-2fd6-4f10-99ed-bbdf7001ed0b}</UniqueIdentifier>
    </Filter>
    <Filter Include="ソース ファイル\Game">
      <UniqueIdentifier>{ce975604-ac44-4a88-bb82-b746af3f699d}</UniqueIdentifier>
    </Filter>
    <Filter Include="ソース ファイル\Game\Scene">
      <UniqueIdentifier>{266ee51c-b7eb-4875-b738-c904dda32490}</UniqueIdentifier>
    </Filter>
    <Filter Include="ソース ファイル\BaseSystem\Model">
      <UniqueIdentifier>{c3e9a75d-4651-41e9-b08d-4fa9da7e17ac}</UniqueIdentifier>
    </Filter>
    <Filter Include="ソース ファイル\BaseSystem\Object">
      <UniqueIdentifier>{864c4844-1caf-4dfc-88d8-4aa0d0e3e5f3}</UniqueIdentifier>
    </Filter>
    <Filter Include="ソース ファイル\BaseSystem\Task">
      <UniqueIdentifier>{af077abb-eb75-4ea1-af20-3ecaf4745f8d}</UniqueIdentifier>
    </Filter>
    <Filter Include="ソース ファイル\BaseSystem\Object\Scene">
      <UniqueIdentifier>{8afd67ae-4587-4f32-9e9d-13aba2f0d08b}</UniqueIdentifier>
    </Filter>
    <Filter Include="ソース ファイル\Game\Character">
      <UniqueIdentifier>{ae36cef9-2cfd-4d6e-b5b5-ce6aa82edbd6}</UniqueIdentifier>
    </Filter>
    <Filter Include="ソース ファイル\BaseSystem\Collider">
      <UniqueIdentifier>{8966baeb-8283-4ed5-869f-f4417920ceae}</UniqueIdentifier>
    </Filter>
    <Filter Include="ソース ファイル\Game\Character\Player">
      <UniqueIdentifier>{6e8e6bcc-d328-4443-a330-0d64a3680457}</UniqueIdentifier>
    </Filter>
  </ItemGroup>
  <ItemGroup>
    <ClCompile Include="CApplication.cpp">
      <Filter>ソース ファイル</Filter>
    </ClCompile>
    <ClCompile Include="main.cpp">
      <Filter>ソース ファイル</Filter>
    </ClCompile>
    <ClCompile Include="CSound.cpp">
      <Filter>ソース ファイル\Lib</Filter>
    </ClCompile>
    <ClCompile Include="CTexture.cpp">
      <Filter>ソース ファイル\Lib</Filter>
    </ClCompile>
    <ClCompile Include="CRectangle.cpp">
      <Filter>ソース ファイル</Filter>
    </ClCompile>
    <ClCompile Include="CInput.cpp">
      <Filter>ソース ファイル</Filter>
    </ClCompile>
    <ClCompile Include="CCharacter.cpp">
      <Filter>ソース ファイル</Filter>
    </ClCompile>
    <ClCompile Include="CBullet.cpp">
      <Filter>ソース ファイル</Filter>
    </ClCompile>
    <ClCompile Include="CEnemy.cpp">
      <Filter>ソース ファイル</Filter>
    </ClCompile>
    <ClCompile Include="CPlayer.cpp">
      <Filter>ソース ファイル</Filter>
    </ClCompile>
    <ClCompile Include="CFont.cpp">
      <Filter>ソース ファイル</Filter>
    </ClCompile>
    <ClCompile Include="CCharacterManager.cpp">
      <Filter>ソース ファイル</Filter>
    </ClCompile>
    <ClCompile Include="CBlock.cpp">
      <Filter>ソース ファイル</Filter>
    </ClCompile>
    <ClCompile Include="CEnemy2.cpp">
      <Filter>ソース ファイル</Filter>
    </ClCompile>
    <ClCompile Include="CPoint.cpp">
      <Filter>ソース ファイル</Filter>
    </ClCompile>
    <ClCompile Include="CUi.cpp">
      <Filter>ソース ファイル</Filter>
    </ClCompile>
    <ClCompile Include="CCamera.cpp">
      <Filter>ソース ファイル</Filter>
    </ClCompile>
    <ClCompile Include="CVector.cpp">
      <Filter>ソース ファイル</Filter>
    </ClCompile>
    <ClCompile Include="CMatrix.cpp">
      <Filter>ソース ファイル</Filter>
    </ClCompile>
    <ClCompile Include="CTransform.cpp">
      <Filter>ソース ファイル</Filter>
    </ClCompile>
    <ClCompile Include="CBillBoard.cpp">
      <Filter>ソース ファイル</Filter>
    </ClCompile>
    <ClCompile Include="CEffect.cpp">
      <Filter>ソース ファイル</Filter>
    </ClCompile>
    <ClCompile Include="CGame.cpp">
      <Filter>ソース ファイル</Filter>
    </ClCompile>
    <ClCompile Include="CPlayer2.cpp">
      <Filter>ソース ファイル</Filter>
    </ClCompile>
    <ClCompile Include="CModelX.cpp">
      <Filter>ソース ファイル</Filter>
    </ClCompile>
    <ClCompile Include="CEnemy3.cpp">
      <Filter>ソース ファイル</Filter>
    </ClCompile>
    <ClCompile Include="CSceneBase.cpp">
      <Filter>ソース ファイル\BaseSystem\Object\Scene</Filter>
    </ClCompile>
    <ClCompile Include="CTitleScene.cpp">
      <Filter>ソース ファイル</Filter>
    </ClCompile>
    <ClCompile Include="CApplication3.cpp">
      <Filter>ソース ファイル\Game\Scene</Filter>
    </ClCompile>
    <ClCompile Include="CMaterial.cpp">
      <Filter>ソース ファイル\BaseSystem\Model</Filter>
    </ClCompile>
    <ClCompile Include="CModel.cpp">
      <Filter>ソース ファイル\BaseSystem\Model</Filter>
    </ClCompile>
    <ClCompile Include="CTriangle.cpp">
      <Filter>ソース ファイル\BaseSystem\Model</Filter>
    </ClCompile>
    <ClCompile Include="CCharacter3.cpp">
      <Filter>ソース ファイル\BaseSystem\Object</Filter>
    </ClCompile>
    <ClCompile Include="CGameScene.cpp">
      <Filter>ソース ファイル</Filter>
    </ClCompile>
    <ClCompile Include="CGmeScene.cpp">
      <Filter>ソース ファイル\Game\Scene</Filter>
    </ClCompile>
    <ClCompile Include="CTaskManager.cpp">
      <Filter>ソース ファイル\BaseSystem\Task</Filter>
    </ClCompile>
    <ClCompile Include="CMyShader.cpp">
      <Filter>ソース ファイル\BaseSystem\Model</Filter>
    </ClCompile>
    <ClCompile Include="CShader.cpp">
      <Filter>ソース ファイル\BaseSystem\Model</Filter>
    </ClCompile>
    <ClCompile Include="CShadowMap.cpp">
      <Filter>ソース ファイル\BaseSystem\Model</Filter>
    </ClCompile>
    <ClCompile Include="CShadowShader.cpp">
      <Filter>ソース ファイル\BaseSystem\Model</Filter>
    </ClCompile>
    <ClCompile Include="CXCharacter.cpp">
      <Filter>ソース ファイル\BaseSystem\Object</Filter>
    </ClCompile>
    <ClCompile Include="CCollider.cpp">
      <Filter>ソース ファイル\BaseSystem\Collider</Filter>
    </ClCompile>
    <ClCompile Include="CCollisionManager.cpp">
      <Filter>ソース ファイル\BaseSystem\Collider</Filter>
    </ClCompile>
    <ClCompile Include="CColliderLine.cpp">
      <Filter>ソース ファイル\BaseSystem\Collider</Filter>
    </ClCompile>
    <ClCompile Include="CColliderMesh.cpp">
      <Filter>ソース ファイル\BaseSystem\Collider</Filter>
    </ClCompile>
    <ClCompile Include="CColliderTriangle.cpp">
      <Filter>ソース ファイル\BaseSystem\Collider</Filter>
    </ClCompile>
    <ClCompile Include="CPlayerldle.cpp">
      <Filter>ソース ファイル\Game\Character\Player</Filter>
    </ClCompile>
    <ClCompile Include="CXPlayer.cpp">
      <Filter>ソース ファイル\Game\Character\Player</Filter>
    </ClCompile>
    <ClCompile Include="CPlayerWalk.cpp">
      <Filter>ソース ファイル\Game\Character\Player</Filter>
    </ClCompile>
  </ItemGroup>
  <ItemGroup>
    <ClInclude Include="CApplication.h">
      <Filter>ソース ファイル</Filter>
    </ClInclude>
    <ClInclude Include="main.h">
      <Filter>ソース ファイル</Filter>
    </ClInclude>
    <ClInclude Include="CSound.h">
      <Filter>ソース ファイル\Lib</Filter>
    </ClInclude>
    <ClInclude Include="CTexture.h">
      <Filter>ソース ファイル\Lib</Filter>
    </ClInclude>
    <ClInclude Include="CRectangle.h">
      <Filter>ソース ファイル</Filter>
    </ClInclude>
    <ClInclude Include="CInput.h">
      <Filter>ソース ファイル</Filter>
    </ClInclude>
    <ClInclude Include="CCharacter.h">
      <Filter>ソース ファイル</Filter>
    </ClInclude>
    <ClInclude Include="CBullet.h">
      <Filter>ソース ファイル</Filter>
    </ClInclude>
    <ClInclude Include="CEnemy.h">
      <Filter>ソース ファイル</Filter>
    </ClInclude>
    <ClInclude Include="CPlayer.h">
      <Filter>ソース ファイル</Filter>
    </ClInclude>
    <ClInclude Include="CFont.h">
      <Filter>ソース ファイル</Filter>
    </ClInclude>
    <ClInclude Include="CCharacterManager.h">
      <Filter>ソース ファイル</Filter>
    </ClInclude>
    <ClInclude Include="CBlock.h">
      <Filter>ソース ファイル</Filter>
    </ClInclude>
    <ClInclude Include="CEnemy2.h">
      <Filter>ソース ファイル</Filter>
    </ClInclude>
    <ClInclude Include="CPoint.h">
      <Filter>ソース ファイル</Filter>
    </ClInclude>
    <ClInclude Include="CUi.h">
      <Filter>ソース ファイル</Filter>
    </ClInclude>
    <ClInclude Include="CCamera.h">
      <Filter>ソース ファイル</Filter>
    </ClInclude>
    <ClInclude Include="CVector.h">
      <Filter>ソース ファイル</Filter>
    </ClInclude>
    <ClInclude Include="CTransform.h">
      <Filter>ソース ファイル</Filter>
    </ClInclude>
    <ClInclude Include="CBillBoard.h">
      <Filter>ソース ファイル</Filter>
    </ClInclude>
    <ClInclude Include="CEffect.h">
      <Filter>ソース ファイル</Filter>
    </ClInclude>
    <ClInclude Include="CGame.h">
      <Filter>ソース ファイル</Filter>
    </ClInclude>
    <ClInclude Include="CPlayer2.h">
      <Filter>ソース ファイル</Filter>
    </ClInclude>
    <ClInclude Include="CModelX.h">
      <Filter>ソース ファイル</Filter>
    </ClInclude>
    <ClInclude Include="CEnemy3.h">
      <Filter>ソース ファイル</Filter>
    </ClInclude>
    <ClInclude Include="EScene.h">
      <Filter>ソース ファイル\BaseSystem\Object\Scene</Filter>
    </ClInclude>
    <ClInclude Include="CSceneBase.h">
      <Filter>ソース ファイル\BaseSystem\Object\Scene</Filter>
    </ClInclude>
    <ClInclude Include="CTitleScene.h">
      <Filter>ソース ファイル\Game\Scene</Filter>
    </ClInclude>
    <ClInclude Include="CApplication3.h">
      <Filter>ソース ファイル\Game\Scene</Filter>
    </ClInclude>
    <ClInclude Include="CMaterial.h">
      <Filter>ソース ファイル\BaseSystem\Model</Filter>
    </ClInclude>
    <ClInclude Include="CModel.h">
      <Filter>ソース ファイル\BaseSystem\Model</Filter>
    </ClInclude>
    <ClInclude Include="CTriangle.h">
      <Filter>ソース ファイル\BaseSystem\Model</Filter>
    </ClInclude>
    <ClInclude Include="CVertex.h">
      <Filter>ソース ファイル\BaseSystem\Model</Filter>
    </ClInclude>
    <ClInclude Include="CCharacter3.h">
      <Filter>ソース ファイル\BaseSystem\Object</Filter>
    </ClInclude>
    <ClInclude Include="CGmeScene.h">
      <Filter>ソース ファイル\Game\Scene</Filter>
    </ClInclude>
    <ClInclude Include="CTask.h">
      <Filter>ソース ファイル\BaseSystem\Task</Filter>
    </ClInclude>
    <ClInclude Include="CTaskManager.h">
      <Filter>ソース ファイル\BaseSystem\Task</Filter>
    </ClInclude>
    <ClInclude Include="CMatrix.h">
      <Filter>ソース ファイル\BaseSystem\Model</Filter>
    </ClInclude>
    <ClInclude Include="CMiss.h">
      <Filter>ソース ファイル\BaseSystem\Model</Filter>
    </ClInclude>
    <ClInclude Include="CMyShader.h">
      <Filter>ソース ファイル\BaseSystem\Model</Filter>
    </ClInclude>
    <ClInclude Include="CShader.h">
      <Filter>ソース ファイル\BaseSystem\Model</Filter>
    </ClInclude>
    <ClInclude Include="CShadowMap.h">
      <Filter>ソース ファイル\BaseSystem\Model</Filter>
    </ClInclude>
    <ClInclude Include="CShadowShader.h">
      <Filter>ソース ファイル\BaseSystem\Model</Filter>
    </ClInclude>
    <ClInclude Include="CXCharacter.h">
      <Filter>ソース ファイル\BaseSystem\Object</Filter>
    </ClInclude>
    <ClInclude Include="CCollider.h">
      <Filter>ソース ファイル\BaseSystem\Collider</Filter>
    </ClInclude>
    <ClInclude Include="CColliderLine.h">
      <Filter>ソース ファイル\BaseSystem\Collider</Filter>
    </ClInclude>
    <ClInclude Include="CColliderMesh.h">
      <Filter>ソース ファイル\BaseSystem\Collider</Filter>
    </ClInclude>
    <ClInclude Include="CColliderTriangle.h">
      <Filter>ソース ファイル\BaseSystem\Collider</Filter>
    </ClInclude>
    <ClInclude Include="CCollisionManager.h">
      <Filter>ソース ファイル\BaseSystem\Collider</Filter>
    </ClInclude>
    <ClInclude Include="CPlayerIdle.h">
      <Filter>ソース ファイル\Game\Character\Player</Filter>
    </ClInclude>
    <ClInclude Include="CState.h">
      <Filter>ソース ファイル\Game\Character</Filter>
    </ClInclude>
    <ClInclude Include="CXPlayer.h">
      <Filter>ソース ファイル\Game\Character\Player</Filter>
    </ClInclude>
    <ClInclude Include="CplayerWalk.h">
      <Filter>ソース ファイル\Game\Character\Player</Filter>
    </ClInclude>
  </ItemGroup>
</Project>